{
  "originHash" : "426ff972d08bfd3217f9b7cff90848e9ffa6f53b20c77d34daca868f04a65be5",
  "pins" : [
    {
      "identity" : "contactsmanager-ios",
      "kind" : "remoteSourceControl",
      "location" : "https://www.github.com/arpwal/contactsmanager-ios",
      "state" : {
        "revision" : "c281540a77e54c74f41743a7d0d85d280d2500c6",
        "version" : "0.9.0"
      }
    }
  ],
  "version" : 3
}
