{
  "originHash" : "30ae786601dac4ae70a40ef493b178ca58524072577c7dbd304d6f63a865f03b",
  "pins" : [
    {
      "identity" : "contactsmanager-ios",
      "kind" : "remoteSourceControl",
      "location" : "https://github.com/arpwal/contactsmanager-ios.git",
      "state" : {
        "revision" : "7e4222ff366d660ed9df6e81b6ec2b6e45d0f63c",
        "version" : "0.0.1"
      }
    }
  ],
  "version" : 3
}
