{
  "originHash" : "30ae786601dac4ae70a40ef493b178ca58524072577c7dbd304d6f63a865f03b",
  "pins" : [
    {
      "identity" : "contactsmanager-ios",
      "kind" : "remoteSourceControl",
      "location" : "https://github.com/arpwal/contactsmanager-ios.git",
      "state" : {
        "revision" : "e262325ba31c5f1dae4281cbfa3dd5bd55a48bb8",
        "version" : "0.6.0"
      }
    }
  ],
  "version" : 3
}
